
Microsoft Visual Studio Solution File, Format Version 12.00
# Visual Studio Version 16
VisualStudioVersion = 16.0.29609.76
MinimumVisualStudioVersion = 10.0.40219.1
Project("{2150E333-8FDC-42A3-9474-1A3956D46DE8}") = "03 FrontEnd", "03 FrontEnd", "{9A582681-D4E6-4F3B-A19F-87F7B2DF14F2}"
EndProject
Project("{2150E333-8FDC-42A3-9474-1A3956D46DE8}") = "02 Backend", "02 Backend", "{03E49269-C310-4E58-AC36-B6B32D178502}"
EndProject
Project("{9A19103F-16F7-4668-BE54-9A1E7A4F7556}") = "EVSoft.Backend.ConsultSIS", "EVSoft.Backend.ConsultSIS\EVSoft.Backend.ConsultSIS.csproj", "{A56D20A9-557A-4599-9E92-2EBF7B4BA9D3}"
EndProject
Project("{2150E333-8FDC-42A3-9474-1A3956D46DE8}") = "01 WebApi", "01 WebApi", "{5EE430C1-85AE-4AF7-AF30-40AF49A8E9FA}"
EndProject
Project("{9A19103F-16F7-4668-BE54-9A1E7A4F7556}") = "EVSoft.WebApi.ConsultSIS", "EVSoft.WebApi.ConsultSIS\EVSoft.WebApi.ConsultSIS.csproj", "{5B30E95B-B75E-4524-8920-058532552334}"
EndProject
Project("{2150E333-8FDC-42A3-9474-1A3956D46DE8}") = "01-1 Capa Dominio", "01-1 Capa Dominio", "{7B7DD053-F37C-4F12-B9E9-4B2901BF46D8}"
EndProject
Project("{9A19103F-16F7-4668-BE54-9A1E7A4F7556}") = "EVSoft.Dominio.ConsultSIS", "EVSoft.Dominio.ConsultSIS\EVSoft.Dominio.ConsultSIS.csproj", "{C97A2E6F-AC12-4A93-83B5-DEB4877F4C61}"
EndProject
Project("{FAE04EC0-301F-11D3-BF4B-00C04F79EFBC}") = "EVSoft.AppConsultaSIS.Android", "EVSoft.AppConsultaSIS\EVSoft.AppConsultaSIS.Android\EVSoft.AppConsultaSIS.Android.csproj", "{99D8EB85-2186-4D43-A9E4-BA5E4889A4B5}"
EndProject
Project("{FAE04EC0-301F-11D3-BF4B-00C04F79EFBC}") = "EVSoft.AppConsultaSIS.iOS", "EVSoft.AppConsultaSIS\EVSoft.AppConsultaSIS.iOS\EVSoft.AppConsultaSIS.iOS.csproj", "{ABBF53BB-2300-4588-B6C2-A273EDD59763}"
EndProject
Project("{9A19103F-16F7-4668-BE54-9A1E7A4F7556}") = "EVSoft.AppConsultaSIS", "EVSoft.AppConsultaSIS\EVSoft.AppConsultaSIS\EVSoft.AppConsultaSIS.csproj", "{CEEF933C-20AA-44F7-A78A-13BBC4DE4ABC}"
EndProject
Global
	GlobalSection(SolutionConfigurationPlatforms) = preSolution
		Debug|Any CPU = Debug|Any CPU
		Debug|ARM = Debug|ARM
		Debug|iPhone = Debug|iPhone
		Debug|iPhoneSimulator = Debug|iPhoneSimulator
		Debug|x64 = Debug|x64
		Debug|x86 = Debug|x86
		Release|Any CPU = Release|Any CPU
		Release|ARM = Release|ARM
		Release|iPhone = Release|iPhone
		Release|iPhoneSimulator = Release|iPhoneSimulator
		Release|x64 = Release|x64
		Release|x86 = Release|x86
	EndGlobalSection
	GlobalSection(ProjectConfigurationPlatforms) = postSolution
		{A56D20A9-557A-4599-9E92-2EBF7B4BA9D3}.Debug|Any CPU.ActiveCfg = Debug|Any CPU
		{A56D20A9-557A-4599-9E92-2EBF7B4BA9D3}.Debug|Any CPU.Build.0 = Debug|Any CPU
		{A56D20A9-557A-4599-9E92-2EBF7B4BA9D3}.Debug|ARM.ActiveCfg = Debug|Any CPU
		{A56D20A9-557A-4599-9E92-2EBF7B4BA9D3}.Debug|ARM.Build.0 = Debug|Any CPU
		{A56D20A9-557A-4599-9E92-2EBF7B4BA9D3}.Debug|iPhone.ActiveCfg = Debug|Any CPU
		{A56D20A9-557A-4599-9E92-2EBF7B4BA9D3}.Debug|iPhone.Build.0 = Debug|Any CPU
		{A56D20A9-557A-4599-9E92-2EBF7B4BA9D3}.Debug|iPhoneSimulator.ActiveCfg = Debug|Any CPU
		{A56D20A9-557A-4599-9E92-2EBF7B4BA9D3}.Debug|iPhoneSimulator.Build.0 = Debug|Any CPU
		{A56D20A9-557A-4599-9E92-2EBF7B4BA9D3}.Debug|x64.ActiveCfg = Debug|Any CPU
		{A56D20A9-557A-4599-9E92-2EBF7B4BA9D3}.Debug|x64.Build.0 = Debug|Any CPU
		{A56D20A9-557A-4599-9E92-2EBF7B4BA9D3}.Debug|x86.ActiveCfg = Debug|Any CPU
		{A56D20A9-557A-4599-9E92-2EBF7B4BA9D3}.Debug|x86.Build.0 = Debug|Any CPU
		{A56D20A9-557A-4599-9E92-2EBF7B4BA9D3}.Release|Any CPU.ActiveCfg = Release|Any CPU
		{A56D20A9-557A-4599-9E92-2EBF7B4BA9D3}.Release|Any CPU.Build.0 = Release|Any CPU
		{A56D20A9-557A-4599-9E92-2EBF7B4BA9D3}.Release|ARM.ActiveCfg = Release|Any CPU
		{A56D20A9-557A-4599-9E92-2EBF7B4BA9D3}.Release|ARM.Build.0 = Release|Any CPU
		{A56D20A9-557A-4599-9E92-2EBF7B4BA9D3}.Release|iPhone.ActiveCfg = Release|Any CPU
		{A56D20A9-557A-4599-9E92-2EBF7B4BA9D3}.Release|iPhone.Build.0 = Release|Any CPU
		{A56D20A9-557A-4599-9E92-2EBF7B4BA9D3}.Release|iPhoneSimulator.ActiveCfg = Release|Any CPU
		{A56D20A9-557A-4599-9E92-2EBF7B4BA9D3}.Release|iPhoneSimulator.Build.0 = Release|Any CPU
		{A56D20A9-557A-4599-9E92-2EBF7B4BA9D3}.Release|x64.ActiveCfg = Release|Any CPU
		{A56D20A9-557A-4599-9E92-2EBF7B4BA9D3}.Release|x64.Build.0 = Release|Any CPU
		{A56D20A9-557A-4599-9E92-2EBF7B4BA9D3}.Release|x86.ActiveCfg = Release|Any CPU
		{A56D20A9-557A-4599-9E92-2EBF7B4BA9D3}.Release|x86.Build.0 = Release|Any CPU
		{5B30E95B-B75E-4524-8920-058532552334}.Debug|Any CPU.ActiveCfg = Debug|Any CPU
		{5B30E95B-B75E-4524-8920-058532552334}.Debug|Any CPU.Build.0 = Debug|Any CPU
		{5B30E95B-B75E-4524-8920-058532552334}.Debug|ARM.ActiveCfg = Debug|Any CPU
		{5B30E95B-B75E-4524-8920-058532552334}.Debug|ARM.Build.0 = Debug|Any CPU
		{5B30E95B-B75E-4524-8920-058532552334}.Debug|iPhone.ActiveCfg = Debug|Any CPU
		{5B30E95B-B75E-4524-8920-058532552334}.Debug|iPhone.Build.0 = Debug|Any CPU
		{5B30E95B-B75E-4524-8920-058532552334}.Debug|iPhoneSimulator.ActiveCfg = Debug|Any CPU
		{5B30E95B-B75E-4524-8920-058532552334}.Debug|iPhoneSimulator.Build.0 = Debug|Any CPU
		{5B30E95B-B75E-4524-8920-058532552334}.Debug|x64.ActiveCfg = Debug|Any CPU
		{5B30E95B-B75E-4524-8920-058532552334}.Debug|x64.Build.0 = Debug|Any CPU
		{5B30E95B-B75E-4524-8920-058532552334}.Debug|x86.ActiveCfg = Debug|Any CPU
		{5B30E95B-B75E-4524-8920-058532552334}.Debug|x86.Build.0 = Debug|Any CPU
		{5B30E95B-B75E-4524-8920-058532552334}.Release|Any CPU.ActiveCfg = Release|Any CPU
		{5B30E95B-B75E-4524-8920-058532552334}.Release|Any CPU.Build.0 = Release|Any CPU
		{5B30E95B-B75E-4524-8920-058532552334}.Release|ARM.ActiveCfg = Release|Any CPU
		{5B30E95B-B75E-4524-8920-058532552334}.Release|ARM.Build.0 = Release|Any CPU
		{5B30E95B-B75E-4524-8920-058532552334}.Release|iPhone.ActiveCfg = Release|Any CPU
		{5B30E95B-B75E-4524-8920-058532552334}.Release|iPhone.Build.0 = Release|Any CPU
		{5B30E95B-B75E-4524-8920-058532552334}.Release|iPhoneSimulator.ActiveCfg = Release|Any CPU
		{5B30E95B-B75E-4524-8920-058532552334}.Release|iPhoneSimulator.Build.0 = Release|Any CPU
		{5B30E95B-B75E-4524-8920-058532552334}.Release|x64.ActiveCfg = Release|Any CPU
		{5B30E95B-B75E-4524-8920-058532552334}.Release|x64.Build.0 = Release|Any CPU
		{5B30E95B-B75E-4524-8920-058532552334}.Release|x86.ActiveCfg = Release|Any CPU
		{5B30E95B-B75E-4524-8920-058532552334}.Release|x86.Build.0 = Release|Any CPU
		{C97A2E6F-AC12-4A93-83B5-DEB4877F4C61}.Debug|Any CPU.ActiveCfg = Debug|Any CPU
		{C97A2E6F-AC12-4A93-83B5-DEB4877F4C61}.Debug|Any CPU.Build.0 = Debug|Any CPU
		{C97A2E6F-AC12-4A93-83B5-DEB4877F4C61}.Debug|ARM.ActiveCfg = Debug|Any CPU
		{C97A2E6F-AC12-4A93-83B5-DEB4877F4C61}.Debug|ARM.Build.0 = Debug|Any CPU
		{C97A2E6F-AC12-4A93-83B5-DEB4877F4C61}.Debug|iPhone.ActiveCfg = Debug|Any CPU
		{C97A2E6F-AC12-4A93-83B5-DEB4877F4C61}.Debug|iPhone.Build.0 = Debug|Any CPU
		{C97A2E6F-AC12-4A93-83B5-DEB4877F4C61}.Debug|iPhoneSimulator.ActiveCfg = Debug|Any CPU
		{C97A2E6F-AC12-4A93-83B5-DEB4877F4C61}.Debug|iPhoneSimulator.Build.0 = Debug|Any CPU
		{C97A2E6F-AC12-4A93-83B5-DEB4877F4C61}.Debug|x64.ActiveCfg = Debug|Any CPU
		{C97A2E6F-AC12-4A93-83B5-DEB4877F4C61}.Debug|x64.Build.0 = Debug|Any CPU
		{C97A2E6F-AC12-4A93-83B5-DEB4877F4C61}.Debug|x86.ActiveCfg = Debug|Any CPU
		{C97A2E6F-AC12-4A93-83B5-DEB4877F4C61}.Debug|x86.Build.0 = Debug|Any CPU
		{C97A2E6F-AC12-4A93-83B5-DEB4877F4C61}.Release|Any CPU.ActiveCfg = Release|Any CPU
		{C97A2E6F-AC12-4A93-83B5-DEB4877F4C61}.Release|Any CPU.Build.0 = Release|Any CPU
		{C97A2E6F-AC12-4A93-83B5-DEB4877F4C61}.Release|ARM.ActiveCfg = Release|Any CPU
		{C97A2E6F-AC12-4A93-83B5-DEB4877F4C61}.Release|ARM.Build.0 = Release|Any CPU
		{C97A2E6F-AC12-4A93-83B5-DEB4877F4C61}.Release|iPhone.ActiveCfg = Release|Any CPU
		{C97A2E6F-AC12-4A93-83B5-DEB4877F4C61}.Release|iPhone.Build.0 = Release|Any CPU
		{C97A2E6F-AC12-4A93-83B5-DEB4877F4C61}.Release|iPhoneSimulator.ActiveCfg = Release|Any CPU
		{C97A2E6F-AC12-4A93-83B5-DEB4877F4C61}.Release|iPhoneSimulator.Build.0 = Release|Any CPU
		{C97A2E6F-AC12-4A93-83B5-DEB4877F4C61}.Release|x64.ActiveCfg = Release|Any CPU
		{C97A2E6F-AC12-4A93-83B5-DEB4877F4C61}.Release|x64.Build.0 = Release|Any CPU
		{C97A2E6F-AC12-4A93-83B5-DEB4877F4C61}.Release|x86.ActiveCfg = Release|Any CPU
		{C97A2E6F-AC12-4A93-83B5-DEB4877F4C61}.Release|x86.Build.0 = Release|Any CPU
		{99D8EB85-2186-4D43-A9E4-BA5E4889A4B5}.Debug|Any CPU.ActiveCfg = Debug|Any CPU
		{99D8EB85-2186-4D43-A9E4-BA5E4889A4B5}.Debug|Any CPU.Build.0 = Debug|Any CPU
		{99D8EB85-2186-4D43-A9E4-BA5E4889A4B5}.Debug|Any CPU.Deploy.0 = Debug|Any CPU
		{99D8EB85-2186-4D43-A9E4-BA5E4889A4B5}.Debug|ARM.ActiveCfg = Debug|Any CPU
		{99D8EB85-2186-4D43-A9E4-BA5E4889A4B5}.Debug|ARM.Build.0 = Debug|Any CPU
		{99D8EB85-2186-4D43-A9E4-BA5E4889A4B5}.Debug|ARM.Deploy.0 = Debug|Any CPU
		{99D8EB85-2186-4D43-A9E4-BA5E4889A4B5}.Debug|iPhone.ActiveCfg = Debug|Any CPU
		{99D8EB85-2186-4D43-A9E4-BA5E4889A4B5}.Debug|iPhone.Build.0 = Debug|Any CPU
		{99D8EB85-2186-4D43-A9E4-BA5E4889A4B5}.Debug|iPhone.Deploy.0 = Debug|Any CPU
		{99D8EB85-2186-4D43-A9E4-BA5E4889A4B5}.Debug|iPhoneSimulator.ActiveCfg = Debug|Any CPU
		{99D8EB85-2186-4D43-A9E4-BA5E4889A4B5}.Debug|iPhoneSimulator.Build.0 = Debug|Any CPU
		{99D8EB85-2186-4D43-A9E4-BA5E4889A4B5}.Debug|iPhoneSimulator.Deploy.0 = Debug|Any CPU
		{99D8EB85-2186-4D43-A9E4-BA5E4889A4B5}.Debug|x64.ActiveCfg = Debug|Any CPU
		{99D8EB85-2186-4D43-A9E4-BA5E4889A4B5}.Debug|x64.Build.0 = Debug|Any CPU
		{99D8EB85-2186-4D43-A9E4-BA5E4889A4B5}.Debug|x64.Deploy.0 = Debug|Any CPU
		{99D8EB85-2186-4D43-A9E4-BA5E4889A4B5}.Debug|x86.ActiveCfg = Debug|Any CPU
		{99D8EB85-2186-4D43-A9E4-BA5E4889A4B5}.Debug|x86.Build.0 = Debug|Any CPU
		{99D8EB85-2186-4D43-A9E4-BA5E4889A4B5}.Debug|x86.Deploy.0 = Debug|Any CPU
		{99D8EB85-2186-4D43-A9E4-BA5E4889A4B5}.Release|Any CPU.ActiveCfg = Release|Any CPU
		{99D8EB85-2186-4D43-A9E4-BA5E4889A4B5}.Release|Any CPU.Build.0 = Release|Any CPU
		{99D8EB85-2186-4D43-A9E4-BA5E4889A4B5}.Release|Any CPU.Deploy.0 = Release|Any CPU
		{99D8EB85-2186-4D43-A9E4-BA5E4889A4B5}.Release|ARM.ActiveCfg = Release|Any CPU
		{99D8EB85-2186-4D43-A9E4-BA5E4889A4B5}.Release|ARM.Build.0 = Release|Any CPU
		{99D8EB85-2186-4D43-A9E4-BA5E4889A4B5}.Release|ARM.Deploy.0 = Release|Any CPU
		{99D8EB85-2186-4D43-A9E4-BA5E4889A4B5}.Release|iPhone.ActiveCfg = Release|Any CPU
		{99D8EB85-2186-4D43-A9E4-BA5E4889A4B5}.Release|iPhone.Build.0 = Release|Any CPU
		{99D8EB85-2186-4D43-A9E4-BA5E4889A4B5}.Release|iPhone.Deploy.0 = Release|Any CPU
		{99D8EB85-2186-4D43-A9E4-BA5E4889A4B5}.Release|iPhoneSimulator.ActiveCfg = Release|Any CPU
		{99D8EB85-2186-4D43-A9E4-BA5E4889A4B5}.Release|iPhoneSimulator.Build.0 = Release|Any CPU
		{99D8EB85-2186-4D43-A9E4-BA5E4889A4B5}.Release|iPhoneSimulator.Deploy.0 = Release|Any CPU
		{99D8EB85-2186-4D43-A9E4-BA5E4889A4B5}.Release|x64.ActiveCfg = Release|Any CPU
		{99D8EB85-2186-4D43-A9E4-BA5E4889A4B5}.Release|x64.Build.0 = Release|Any CPU
		{99D8EB85-2186-4D43-A9E4-BA5E4889A4B5}.Release|x64.Deploy.0 = Release|Any CPU
		{99D8EB85-2186-4D43-A9E4-BA5E4889A4B5}.Release|x86.ActiveCfg = Release|Any CPU
		{99D8EB85-2186-4D43-A9E4-BA5E4889A4B5}.Release|x86.Build.0 = Release|Any CPU
		{99D8EB85-2186-4D43-A9E4-BA5E4889A4B5}.Release|x86.Deploy.0 = Release|Any CPU
		{ABBF53BB-2300-4588-B6C2-A273EDD59763}.Debug|Any CPU.ActiveCfg = Debug|iPhone
		{ABBF53BB-2300-4588-B6C2-A273EDD59763}.Debug|ARM.ActiveCfg = Debug|iPhone
		{ABBF53BB-2300-4588-B6C2-A273EDD59763}.Debug|iPhone.ActiveCfg = Debug|iPhone
		{ABBF53BB-2300-4588-B6C2-A273EDD59763}.Debug|iPhone.Build.0 = Debug|iPhone
		{ABBF53BB-2300-4588-B6C2-A273EDD59763}.Debug|iPhoneSimulator.ActiveCfg = Debug|iPhoneSimulator
		{ABBF53BB-2300-4588-B6C2-A273EDD59763}.Debug|iPhoneSimulator.Build.0 = Debug|iPhoneSimulator
		{ABBF53BB-2300-4588-B6C2-A273EDD59763}.Debug|x64.ActiveCfg = Debug|iPhone
		{ABBF53BB-2300-4588-B6C2-A273EDD59763}.Debug|x86.ActiveCfg = Debug|iPhone
		{ABBF53BB-2300-4588-B6C2-A273EDD59763}.Release|Any CPU.ActiveCfg = Release|iPhone
		{ABBF53BB-2300-4588-B6C2-A273EDD59763}.Release|ARM.ActiveCfg = Release|iPhone
		{ABBF53BB-2300-4588-B6C2-A273EDD59763}.Release|iPhone.ActiveCfg = Release|iPhone
		{ABBF53BB-2300-4588-B6C2-A273EDD59763}.Release|iPhone.Build.0 = Release|iPhone
		{ABBF53BB-2300-4588-B6C2-A273EDD59763}.Release|iPhoneSimulator.ActiveCfg = Release|iPhoneSimulator
		{ABBF53BB-2300-4588-B6C2-A273EDD59763}.Release|iPhoneSimulator.Build.0 = Release|iPhoneSimulator
		{ABBF53BB-2300-4588-B6C2-A273EDD59763}.Release|x64.ActiveCfg = Release|iPhone
		{ABBF53BB-2300-4588-B6C2-A273EDD59763}.Release|x86.ActiveCfg = Release|iPhone
		{CEEF933C-20AA-44F7-A78A-13BBC4DE4ABC}.Debug|Any CPU.ActiveCfg = Debug|Any CPU
		{CEEF933C-20AA-44F7-A78A-13BBC4DE4ABC}.Debug|Any CPU.Build.0 = Debug|Any CPU
		{CEEF933C-20AA-44F7-A78A-13BBC4DE4ABC}.Debug|ARM.ActiveCfg = Debug|Any CPU
		{CEEF933C-20AA-44F7-A78A-13BBC4DE4ABC}.Debug|ARM.Build.0 = Debug|Any CPU
		{CEEF933C-20AA-44F7-A78A-13BBC4DE4ABC}.Debug|iPhone.ActiveCfg = Debug|Any CPU
		{CEEF933C-20AA-44F7-A78A-13BBC4DE4ABC}.Debug|iPhone.Build.0 = Debug|Any CPU
		{CEEF933C-20AA-44F7-A78A-13BBC4DE4ABC}.Debug|iPhoneSimulator.ActiveCfg = Debug|Any CPU
		{CEEF933C-20AA-44F7-A78A-13BBC4DE4ABC}.Debug|iPhoneSimulator.Build.0 = Debug|Any CPU
		{CEEF933C-20AA-44F7-A78A-13BBC4DE4ABC}.Debug|x64.ActiveCfg = Debug|Any CPU
		{CEEF933C-20AA-44F7-A78A-13BBC4DE4ABC}.Debug|x64.Build.0 = Debug|Any CPU
		{CEEF933C-20AA-44F7-A78A-13BBC4DE4ABC}.Debug|x86.ActiveCfg = Debug|Any CPU
		{CEEF933C-20AA-44F7-A78A-13BBC4DE4ABC}.Debug|x86.Build.0 = Debug|Any CPU
		{CEEF933C-20AA-44F7-A78A-13BBC4DE4ABC}.Release|Any CPU.ActiveCfg = Release|Any CPU
		{CEEF933C-20AA-44F7-A78A-13BBC4DE4ABC}.Release|Any CPU.Build.0 = Release|Any CPU
		{CEEF933C-20AA-44F7-A78A-13BBC4DE4ABC}.Release|ARM.ActiveCfg = Release|Any CPU
		{CEEF933C-20AA-44F7-A78A-13BBC4DE4ABC}.Release|ARM.Build.0 = Release|Any CPU
		{CEEF933C-20AA-44F7-A78A-13BBC4DE4ABC}.Release|iPhone.ActiveCfg = Release|Any CPU
		{CEEF933C-20AA-44F7-A78A-13BBC4DE4ABC}.Release|iPhone.Build.0 = Release|Any CPU
		{CEEF933C-20AA-44F7-A78A-13BBC4DE4ABC}.Release|iPhoneSimulator.ActiveCfg = Release|Any CPU
		{CEEF933C-20AA-44F7-A78A-13BBC4DE4ABC}.Release|iPhoneSimulator.Build.0 = Release|Any CPU
		{CEEF933C-20AA-44F7-A78A-13BBC4DE4ABC}.Release|x64.ActiveCfg = Release|Any CPU
		{CEEF933C-20AA-44F7-A78A-13BBC4DE4ABC}.Release|x64.Build.0 = Release|Any CPU
		{CEEF933C-20AA-44F7-A78A-13BBC4DE4ABC}.Release|x86.ActiveCfg = Release|Any CPU
		{CEEF933C-20AA-44F7-A78A-13BBC4DE4ABC}.Release|x86.Build.0 = Release|Any CPU
	EndGlobalSection
	GlobalSection(SolutionProperties) = preSolution
		HideSolutionNode = FALSE
	EndGlobalSection
	GlobalSection(NestedProjects) = preSolution
		{A56D20A9-557A-4599-9E92-2EBF7B4BA9D3} = {03E49269-C310-4E58-AC36-B6B32D178502}
		{5B30E95B-B75E-4524-8920-058532552334} = {5EE430C1-85AE-4AF7-AF30-40AF49A8E9FA}
		{7B7DD053-F37C-4F12-B9E9-4B2901BF46D8} = {5EE430C1-85AE-4AF7-AF30-40AF49A8E9FA}
		{C97A2E6F-AC12-4A93-83B5-DEB4877F4C61} = {7B7DD053-F37C-4F12-B9E9-4B2901BF46D8}
		{99D8EB85-2186-4D43-A9E4-BA5E4889A4B5} = {9A582681-D4E6-4F3B-A19F-87F7B2DF14F2}
		{ABBF53BB-2300-4588-B6C2-A273EDD59763} = {9A582681-D4E6-4F3B-A19F-87F7B2DF14F2}
		{CEEF933C-20AA-44F7-A78A-13BBC4DE4ABC} = {9A582681-D4E6-4F3B-A19F-87F7B2DF14F2}
	EndGlobalSection
	GlobalSection(ExtensibilityGlobals) = postSolution
		SolutionGuid = {745EAABF-F5CD-44C0-857C-DBE0554EC227}
	EndGlobalSection
EndGlobal
